
Microsoft Visual Studio Solution File, Format Version 12.00
# Visual Studio 15
VisualStudioVersion = 15.0.26124.0
MinimumVisualStudioVersion = 15.0.26124.0
Project("{FAE04EC0-301F-11D3-BF4B-00C04F79EFBC}") = "Natron.Tests.Unit", "tests\Natron.Tests.Unit\Natron.Tests.Unit.csproj", "{BEE9C5FE-7997-4D20-9C3E-2122E43671EA}"
EndProject
Project("{FAE04EC0-301F-11D3-BF4B-00C04F79EFBC}") = "Natron", "src\Natron\Natron.csproj", "{40FC07D5-C375-418F-90FC-581E92CD3033}"
EndProject
Project("{2150E333-8FDC-42A3-9474-1A3956D46DE8}") = "src", "src", "{EEECA8F5-0EAF-4CBC-B7CC-A32B9F9E6680}"
EndProject
Project("{2150E333-8FDC-42A3-9474-1A3956D46DE8}") = "tests", "tests", "{98F90E94-51C7-4507-8ACC-AE46A4E72486}"
EndProject
Project("{FAE04EC0-301F-11D3-BF4B-00C04F79EFBC}") = "Natron.Example", "src\Natron.Example\Natron.Example.csproj", "{242C5B44-C203-48D9-93A2-9DD4BFABF34B}"
EndProject
Project("{FAE04EC0-301F-11D3-BF4B-00C04F79EFBC}") = "Natron.Kafka", "src\Natron.Kafka\Natron.Kafka.csproj", "{A768BEC9-8EE9-4656-9FC9-A9C463A69001}"
EndProject
Project("{FAE04EC0-301F-11D3-BF4B-00C04F79EFBC}") = "Natron.Kafka.Tests", "tests\Natron.Kafka.Tests\Natron.Kafka.Tests.csproj", "{E2DEF206-1955-419E-8D8F-A1EC501DC7D4}"
EndProject
Project("{FAE04EC0-301F-11D3-BF4B-00C04F79EFBC}") = "Natron.AWS.Tests", "tests\Natron.AWS.Tests\Natron.AWS.Tests.csproj", "{A5BA6CDC-14BC-4A64-892A-F807CC3B4FAE}"
EndProject
Project("{FAE04EC0-301F-11D3-BF4B-00C04F79EFBC}") = "Natron.AWS", "src\Natron.AWS\Natron.AWS.csproj", "{2184B284-06F5-4414-A173-E8684FE248FF}"
EndProject
Project("{FAE04EC0-301F-11D3-BF4B-00C04F79EFBC}") = "Natron.Http", "src\Natron.Http\Natron.Http.csproj", "{CD293A81-2138-466D-A238-096AC57EFFE6}"
EndProject
Project("{FAE04EC0-301F-11D3-BF4B-00C04F79EFBC}") = "Natron.Http.Tests", "tests\Natron.Http.Tests\Natron.Http.Tests.csproj", "{0688A341-7A86-4084-B7E7-2E12835771F4}"
EndProject
Global
	GlobalSection(SolutionConfigurationPlatforms) = preSolution
		Debug|Any CPU = Debug|Any CPU
		Debug|x64 = Debug|x64
		Debug|x86 = Debug|x86
		Release|Any CPU = Release|Any CPU
		Release|x64 = Release|x64
		Release|x86 = Release|x86
	EndGlobalSection
	GlobalSection(SolutionProperties) = preSolution
		HideSolutionNode = FALSE
	EndGlobalSection
	GlobalSection(ProjectConfigurationPlatforms) = postSolution
		{73D40CCA-C55D-474D-9236-74BF84AFB267}.Debug|Any CPU.ActiveCfg = Debug|Any CPU
		{73D40CCA-C55D-474D-9236-74BF84AFB267}.Debug|Any CPU.Build.0 = Debug|Any CPU
		{73D40CCA-C55D-474D-9236-74BF84AFB267}.Debug|x64.ActiveCfg = Debug|Any CPU
		{73D40CCA-C55D-474D-9236-74BF84AFB267}.Debug|x64.Build.0 = Debug|Any CPU
		{73D40CCA-C55D-474D-9236-74BF84AFB267}.Debug|x86.ActiveCfg = Debug|Any CPU
		{73D40CCA-C55D-474D-9236-74BF84AFB267}.Debug|x86.Build.0 = Debug|Any CPU
		{73D40CCA-C55D-474D-9236-74BF84AFB267}.Release|Any CPU.ActiveCfg = Release|Any CPU
		{73D40CCA-C55D-474D-9236-74BF84AFB267}.Release|Any CPU.Build.0 = Release|Any CPU
		{73D40CCA-C55D-474D-9236-74BF84AFB267}.Release|x64.ActiveCfg = Release|Any CPU
		{73D40CCA-C55D-474D-9236-74BF84AFB267}.Release|x64.Build.0 = Release|Any CPU
		{73D40CCA-C55D-474D-9236-74BF84AFB267}.Release|x86.ActiveCfg = Release|Any CPU
		{73D40CCA-C55D-474D-9236-74BF84AFB267}.Release|x86.Build.0 = Release|Any CPU
		{BEE9C5FE-7997-4D20-9C3E-2122E43671EA}.Debug|Any CPU.ActiveCfg = Debug|Any CPU
		{BEE9C5FE-7997-4D20-9C3E-2122E43671EA}.Debug|Any CPU.Build.0 = Debug|Any CPU
		{BEE9C5FE-7997-4D20-9C3E-2122E43671EA}.Debug|x64.ActiveCfg = Debug|Any CPU
		{BEE9C5FE-7997-4D20-9C3E-2122E43671EA}.Debug|x64.Build.0 = Debug|Any CPU
		{BEE9C5FE-7997-4D20-9C3E-2122E43671EA}.Debug|x86.ActiveCfg = Debug|Any CPU
		{BEE9C5FE-7997-4D20-9C3E-2122E43671EA}.Debug|x86.Build.0 = Debug|Any CPU
		{BEE9C5FE-7997-4D20-9C3E-2122E43671EA}.Release|Any CPU.ActiveCfg = Release|Any CPU
		{BEE9C5FE-7997-4D20-9C3E-2122E43671EA}.Release|Any CPU.Build.0 = Release|Any CPU
		{BEE9C5FE-7997-4D20-9C3E-2122E43671EA}.Release|x64.ActiveCfg = Release|Any CPU
		{BEE9C5FE-7997-4D20-9C3E-2122E43671EA}.Release|x64.Build.0 = Release|Any CPU
		{BEE9C5FE-7997-4D20-9C3E-2122E43671EA}.Release|x86.ActiveCfg = Release|Any CPU
		{BEE9C5FE-7997-4D20-9C3E-2122E43671EA}.Release|x86.Build.0 = Release|Any CPU
		{40FC07D5-C375-418F-90FC-581E92CD3033}.Debug|Any CPU.ActiveCfg = Debug|Any CPU
		{40FC07D5-C375-418F-90FC-581E92CD3033}.Debug|Any CPU.Build.0 = Debug|Any CPU
		{40FC07D5-C375-418F-90FC-581E92CD3033}.Debug|x64.ActiveCfg = Debug|Any CPU
		{40FC07D5-C375-418F-90FC-581E92CD3033}.Debug|x64.Build.0 = Debug|Any CPU
		{40FC07D5-C375-418F-90FC-581E92CD3033}.Debug|x86.ActiveCfg = Debug|Any CPU
		{40FC07D5-C375-418F-90FC-581E92CD3033}.Debug|x86.Build.0 = Debug|Any CPU
		{40FC07D5-C375-418F-90FC-581E92CD3033}.Release|Any CPU.ActiveCfg = Release|Any CPU
		{40FC07D5-C375-418F-90FC-581E92CD3033}.Release|Any CPU.Build.0 = Release|Any CPU
		{40FC07D5-C375-418F-90FC-581E92CD3033}.Release|x64.ActiveCfg = Release|Any CPU
		{40FC07D5-C375-418F-90FC-581E92CD3033}.Release|x64.Build.0 = Release|Any CPU
		{40FC07D5-C375-418F-90FC-581E92CD3033}.Release|x86.ActiveCfg = Release|Any CPU
		{40FC07D5-C375-418F-90FC-581E92CD3033}.Release|x86.Build.0 = Release|Any CPU
		{242C5B44-C203-48D9-93A2-9DD4BFABF34B}.Debug|Any CPU.ActiveCfg = Debug|Any CPU
		{242C5B44-C203-48D9-93A2-9DD4BFABF34B}.Debug|Any CPU.Build.0 = Debug|Any CPU
		{242C5B44-C203-48D9-93A2-9DD4BFABF34B}.Debug|x64.ActiveCfg = Debug|Any CPU
		{242C5B44-C203-48D9-93A2-9DD4BFABF34B}.Debug|x64.Build.0 = Debug|Any CPU
		{242C5B44-C203-48D9-93A2-9DD4BFABF34B}.Debug|x86.ActiveCfg = Debug|Any CPU
		{242C5B44-C203-48D9-93A2-9DD4BFABF34B}.Debug|x86.Build.0 = Debug|Any CPU
		{242C5B44-C203-48D9-93A2-9DD4BFABF34B}.Release|Any CPU.ActiveCfg = Release|Any CPU
		{242C5B44-C203-48D9-93A2-9DD4BFABF34B}.Release|Any CPU.Build.0 = Release|Any CPU
		{242C5B44-C203-48D9-93A2-9DD4BFABF34B}.Release|x64.ActiveCfg = Release|Any CPU
		{242C5B44-C203-48D9-93A2-9DD4BFABF34B}.Release|x64.Build.0 = Release|Any CPU
		{242C5B44-C203-48D9-93A2-9DD4BFABF34B}.Release|x86.ActiveCfg = Release|Any CPU
		{242C5B44-C203-48D9-93A2-9DD4BFABF34B}.Release|x86.Build.0 = Release|Any CPU
		{A768BEC9-8EE9-4656-9FC9-A9C463A69001}.Debug|Any CPU.ActiveCfg = Debug|Any CPU
		{A768BEC9-8EE9-4656-9FC9-A9C463A69001}.Debug|Any CPU.Build.0 = Debug|Any CPU
		{A768BEC9-8EE9-4656-9FC9-A9C463A69001}.Debug|x64.ActiveCfg = Debug|Any CPU
		{A768BEC9-8EE9-4656-9FC9-A9C463A69001}.Debug|x64.Build.0 = Debug|Any CPU
		{A768BEC9-8EE9-4656-9FC9-A9C463A69001}.Debug|x86.ActiveCfg = Debug|Any CPU
		{A768BEC9-8EE9-4656-9FC9-A9C463A69001}.Debug|x86.Build.0 = Debug|Any CPU
		{A768BEC9-8EE9-4656-9FC9-A9C463A69001}.Release|Any CPU.ActiveCfg = Release|Any CPU
		{A768BEC9-8EE9-4656-9FC9-A9C463A69001}.Release|Any CPU.Build.0 = Release|Any CPU
		{A768BEC9-8EE9-4656-9FC9-A9C463A69001}.Release|x64.ActiveCfg = Release|Any CPU
		{A768BEC9-8EE9-4656-9FC9-A9C463A69001}.Release|x64.Build.0 = Release|Any CPU
		{A768BEC9-8EE9-4656-9FC9-A9C463A69001}.Release|x86.ActiveCfg = Release|Any CPU
		{A768BEC9-8EE9-4656-9FC9-A9C463A69001}.Release|x86.Build.0 = Release|Any CPU
		{E2DEF206-1955-419E-8D8F-A1EC501DC7D4}.Debug|Any CPU.ActiveCfg = Debug|Any CPU
		{E2DEF206-1955-419E-8D8F-A1EC501DC7D4}.Debug|Any CPU.Build.0 = Debug|Any CPU
		{E2DEF206-1955-419E-8D8F-A1EC501DC7D4}.Debug|x64.ActiveCfg = Debug|Any CPU
		{E2DEF206-1955-419E-8D8F-A1EC501DC7D4}.Debug|x64.Build.0 = Debug|Any CPU
		{E2DEF206-1955-419E-8D8F-A1EC501DC7D4}.Debug|x86.ActiveCfg = Debug|Any CPU
		{E2DEF206-1955-419E-8D8F-A1EC501DC7D4}.Debug|x86.Build.0 = Debug|Any CPU
		{E2DEF206-1955-419E-8D8F-A1EC501DC7D4}.Release|Any CPU.ActiveCfg = Release|Any CPU
		{E2DEF206-1955-419E-8D8F-A1EC501DC7D4}.Release|Any CPU.Build.0 = Release|Any CPU
		{E2DEF206-1955-419E-8D8F-A1EC501DC7D4}.Release|x64.ActiveCfg = Release|Any CPU
		{E2DEF206-1955-419E-8D8F-A1EC501DC7D4}.Release|x64.Build.0 = Release|Any CPU
		{E2DEF206-1955-419E-8D8F-A1EC501DC7D4}.Release|x86.ActiveCfg = Release|Any CPU
		{E2DEF206-1955-419E-8D8F-A1EC501DC7D4}.Release|x86.Build.0 = Release|Any CPU
		{A5BA6CDC-14BC-4A64-892A-F807CC3B4FAE}.Debug|Any CPU.ActiveCfg = Debug|Any CPU
		{A5BA6CDC-14BC-4A64-892A-F807CC3B4FAE}.Debug|Any CPU.Build.0 = Debug|Any CPU
		{A5BA6CDC-14BC-4A64-892A-F807CC3B4FAE}.Debug|x64.ActiveCfg = Debug|Any CPU
		{A5BA6CDC-14BC-4A64-892A-F807CC3B4FAE}.Debug|x64.Build.0 = Debug|Any CPU
		{A5BA6CDC-14BC-4A64-892A-F807CC3B4FAE}.Debug|x86.ActiveCfg = Debug|Any CPU
		{A5BA6CDC-14BC-4A64-892A-F807CC3B4FAE}.Debug|x86.Build.0 = Debug|Any CPU
		{A5BA6CDC-14BC-4A64-892A-F807CC3B4FAE}.Release|Any CPU.ActiveCfg = Release|Any CPU
		{A5BA6CDC-14BC-4A64-892A-F807CC3B4FAE}.Release|Any CPU.Build.0 = Release|Any CPU
		{A5BA6CDC-14BC-4A64-892A-F807CC3B4FAE}.Release|x64.ActiveCfg = Release|Any CPU
		{A5BA6CDC-14BC-4A64-892A-F807CC3B4FAE}.Release|x64.Build.0 = Release|Any CPU
		{A5BA6CDC-14BC-4A64-892A-F807CC3B4FAE}.Release|x86.ActiveCfg = Release|Any CPU
		{A5BA6CDC-14BC-4A64-892A-F807CC3B4FAE}.Release|x86.Build.0 = Release|Any CPU
		{2184B284-06F5-4414-A173-E8684FE248FF}.Debug|Any CPU.ActiveCfg = Debug|Any CPU
		{2184B284-06F5-4414-A173-E8684FE248FF}.Debug|Any CPU.Build.0 = Debug|Any CPU
		{2184B284-06F5-4414-A173-E8684FE248FF}.Debug|x64.ActiveCfg = Debug|Any CPU
		{2184B284-06F5-4414-A173-E8684FE248FF}.Debug|x64.Build.0 = Debug|Any CPU
		{2184B284-06F5-4414-A173-E8684FE248FF}.Debug|x86.ActiveCfg = Debug|Any CPU
		{2184B284-06F5-4414-A173-E8684FE248FF}.Debug|x86.Build.0 = Debug|Any CPU
		{2184B284-06F5-4414-A173-E8684FE248FF}.Release|Any CPU.ActiveCfg = Release|Any CPU
		{2184B284-06F5-4414-A173-E8684FE248FF}.Release|Any CPU.Build.0 = Release|Any CPU
		{2184B284-06F5-4414-A173-E8684FE248FF}.Release|x64.ActiveCfg = Release|Any CPU
		{2184B284-06F5-4414-A173-E8684FE248FF}.Release|x64.Build.0 = Release|Any CPU
		{2184B284-06F5-4414-A173-E8684FE248FF}.Release|x86.ActiveCfg = Release|Any CPU
		{2184B284-06F5-4414-A173-E8684FE248FF}.Release|x86.Build.0 = Release|Any CPU
		{CD293A81-2138-466D-A238-096AC57EFFE6}.Debug|Any CPU.ActiveCfg = Debug|Any CPU
		{CD293A81-2138-466D-A238-096AC57EFFE6}.Debug|Any CPU.Build.0 = Debug|Any CPU
		{CD293A81-2138-466D-A238-096AC57EFFE6}.Debug|x64.ActiveCfg = Debug|Any CPU
		{CD293A81-2138-466D-A238-096AC57EFFE6}.Debug|x64.Build.0 = Debug|Any CPU
		{CD293A81-2138-466D-A238-096AC57EFFE6}.Debug|x86.ActiveCfg = Debug|Any CPU
		{CD293A81-2138-466D-A238-096AC57EFFE6}.Debug|x86.Build.0 = Debug|Any CPU
		{CD293A81-2138-466D-A238-096AC57EFFE6}.Release|Any CPU.ActiveCfg = Release|Any CPU
		{CD293A81-2138-466D-A238-096AC57EFFE6}.Release|Any CPU.Build.0 = Release|Any CPU
		{CD293A81-2138-466D-A238-096AC57EFFE6}.Release|x64.ActiveCfg = Release|Any CPU
		{CD293A81-2138-466D-A238-096AC57EFFE6}.Release|x64.Build.0 = Release|Any CPU
		{CD293A81-2138-466D-A238-096AC57EFFE6}.Release|x86.ActiveCfg = Release|Any CPU
		{CD293A81-2138-466D-A238-096AC57EFFE6}.Release|x86.Build.0 = Release|Any CPU
		{0688A341-7A86-4084-B7E7-2E12835771F4}.Debug|Any CPU.ActiveCfg = Debug|Any CPU
		{0688A341-7A86-4084-B7E7-2E12835771F4}.Debug|Any CPU.Build.0 = Debug|Any CPU
		{0688A341-7A86-4084-B7E7-2E12835771F4}.Debug|x64.ActiveCfg = Debug|Any CPU
		{0688A341-7A86-4084-B7E7-2E12835771F4}.Debug|x64.Build.0 = Debug|Any CPU
		{0688A341-7A86-4084-B7E7-2E12835771F4}.Debug|x86.ActiveCfg = Debug|Any CPU
		{0688A341-7A86-4084-B7E7-2E12835771F4}.Debug|x86.Build.0 = Debug|Any CPU
		{0688A341-7A86-4084-B7E7-2E12835771F4}.Release|Any CPU.ActiveCfg = Release|Any CPU
		{0688A341-7A86-4084-B7E7-2E12835771F4}.Release|Any CPU.Build.0 = Release|Any CPU
		{0688A341-7A86-4084-B7E7-2E12835771F4}.Release|x64.ActiveCfg = Release|Any CPU
		{0688A341-7A86-4084-B7E7-2E12835771F4}.Release|x64.Build.0 = Release|Any CPU
		{0688A341-7A86-4084-B7E7-2E12835771F4}.Release|x86.ActiveCfg = Release|Any CPU
		{0688A341-7A86-4084-B7E7-2E12835771F4}.Release|x86.Build.0 = Release|Any CPU
	EndGlobalSection
	GlobalSection(NestedProjects) = preSolution
		{40FC07D5-C375-418F-90FC-581E92CD3033} = {EEECA8F5-0EAF-4CBC-B7CC-A32B9F9E6680}
		{BEE9C5FE-7997-4D20-9C3E-2122E43671EA} = {98F90E94-51C7-4507-8ACC-AE46A4E72486}
		{242C5B44-C203-48D9-93A2-9DD4BFABF34B} = {EEECA8F5-0EAF-4CBC-B7CC-A32B9F9E6680}
		{A768BEC9-8EE9-4656-9FC9-A9C463A69001} = {EEECA8F5-0EAF-4CBC-B7CC-A32B9F9E6680}
		{E2DEF206-1955-419E-8D8F-A1EC501DC7D4} = {98F90E94-51C7-4507-8ACC-AE46A4E72486}
		{A5BA6CDC-14BC-4A64-892A-F807CC3B4FAE} = {98F90E94-51C7-4507-8ACC-AE46A4E72486}
		{2184B284-06F5-4414-A173-E8684FE248FF} = {EEECA8F5-0EAF-4CBC-B7CC-A32B9F9E6680}
		{CD293A81-2138-466D-A238-096AC57EFFE6} = {EEECA8F5-0EAF-4CBC-B7CC-A32B9F9E6680}
		{0688A341-7A86-4084-B7E7-2E12835771F4} = {98F90E94-51C7-4507-8ACC-AE46A4E72486}
	EndGlobalSection
EndGlobal
